// !$*UTF8*$!
{
	archiveVersion = 1;
	classes = {
	};
	objectVersion = 46;
	objects = {

/* Begin PBXBuildFile section */
		45112B2F1D9990050051CCD2 /* Atomic.swift in Sources */ = {isa = PBXBuildFile; fileRef = 452BF90A1C91F0D100E4086A /* Atomic.swift */; };
		45112B471D9998740051CCD2 /* Benchmark.swift in Sources */ = {isa = PBXBuildFile; fileRef = 4525C3951CB7654900B5F529 /* Benchmark.swift */; };
		45112B481D9998960051CCD2 /* Collections+Misc.swift in Sources */ = {isa = PBXBuildFile; fileRef = 454146111CE660DA00B847E1 /* Collections+Misc.swift */; };
		4525C3961CB7654900B5F529 /* Benchmark.swift in Sources */ = {isa = PBXBuildFile; fileRef = 4525C3951CB7654900B5F529 /* Benchmark.swift */; };
		452BF90B1C91F0D100E4086A /* Atomic.swift in Sources */ = {isa = PBXBuildFile; fileRef = 452BF90A1C91F0D100E4086A /* Atomic.swift */; };
		452E1A2D1BCDC30F000FC9FA /* RegularExpressionTests.swift in Sources */ = {isa = PBXBuildFile; fileRef = 452E1A2C1BCDC30F000FC9FA /* RegularExpressionTests.swift */; };
		452E96FE1B3CA523002269CD /* NumberBases_Tests.swift in Sources */ = {isa = PBXBuildFile; fileRef = 452E96FC1B3CA523002269CD /* NumberBases_Tests.swift */; };
		452E96FF1B3CA523002269CD /* Utilities.swift in Sources */ = {isa = PBXBuildFile; fileRef = 452E96FD1B3CA523002269CD /* Utilities.swift */; };
		452E97011B3CA529002269CD /* BitRange_Tests.swift in Sources */ = {isa = PBXBuildFile; fileRef = 452E97001B3CA529002269CD /* BitRange_Tests.swift */; };
		4535F4CB1CA70C3C0035C0EB /* Dispatch.swift in Sources */ = {isa = PBXBuildFile; fileRef = 4535F4CA1CA70C3C0035C0EB /* Dispatch.swift */; };
		4535F4CC1CA70C3C0035C0EB /* Dispatch.swift in Sources */ = {isa = PBXBuildFile; fileRef = 4535F4CA1CA70C3C0035C0EB /* Dispatch.swift */; };
		453C932F1C83984C00A4F5E0 /* AssociatedObjectHelper.swift in Sources */ = {isa = PBXBuildFile; fileRef = 453C932E1C83984C00A4F5E0 /* AssociatedObjectHelper.swift */; };
		453C93301C83984C00A4F5E0 /* AssociatedObjectHelper.swift in Sources */ = {isa = PBXBuildFile; fileRef = 453C932E1C83984C00A4F5E0 /* AssociatedObjectHelper.swift */; };
		453E47821B7C2D950070218B /* DataScannerTest.swift in Sources */ = {isa = PBXBuildFile; fileRef = 453E47811B7C2D950070218B /* DataScannerTest.swift */; };
		453E47831B7C31E30070218B /* SwiftUtilities.framework in Frameworks */ = {isa = PBXBuildFile; fileRef = 45E8EEA4199A8E080035C722 /* SwiftUtilities.framework */; };
		454146121CE660DA00B847E1 /* Collections+Misc.swift in Sources */ = {isa = PBXBuildFile; fileRef = 454146111CE660DA00B847E1 /* Collections+Misc.swift */; };
		455B239A1C55FA2400D19F7F /* PathTests.swift in Sources */ = {isa = PBXBuildFile; fileRef = 455B23991C55FA2400D19F7F /* PathTests.swift */; };
		456A88851C55F00800189B2C /* NSURL+Extensions.swift in Sources */ = {isa = PBXBuildFile; fileRef = 456A88841C55F00800189B2C /* NSURL+Extensions.swift */; };
		456A88861C55F00800189B2C /* NSURL+Extensions.swift in Sources */ = {isa = PBXBuildFile; fileRef = 456A88841C55F00800189B2C /* NSURL+Extensions.swift */; };
		456A88881C55F05600189B2C /* InternalUtilities.swift in Sources */ = {isa = PBXBuildFile; fileRef = 456A88871C55F05600189B2C /* InternalUtilities.swift */; };
		456A88891C55F05600189B2C /* InternalUtilities.swift in Sources */ = {isa = PBXBuildFile; fileRef = 456A88871C55F05600189B2C /* InternalUtilities.swift */; };
		457D6BD11D00AF220046EAB6 /* Publisher.swift in Sources */ = {isa = PBXBuildFile; fileRef = 457D6BD01D00AF220046EAB6 /* Publisher.swift */; };
		457D6BD21D00AF220046EAB6 /* Publisher.swift in Sources */ = {isa = PBXBuildFile; fileRef = 457D6BD01D00AF220046EAB6 /* Publisher.swift */; };
		458132081C01580900A113F7 /* ObservableTests.swift in Sources */ = {isa = PBXBuildFile; fileRef = 458132071C01580900A113F7 /* ObservableTests.swift */; };
		458D01B61CE282120092A2E8 /* Hexdump.swift in Sources */ = {isa = PBXBuildFile; fileRef = 458D01B51CE282120092A2E8 /* Hexdump.swift */; };
		458D01B71CE282120092A2E8 /* Hexdump.swift in Sources */ = {isa = PBXBuildFile; fileRef = 458D01B51CE282120092A2E8 /* Hexdump.swift */; };
		459826D51D56C74900B54CB1 /* AppDelegate.swift in Sources */ = {isa = PBXBuildFile; fileRef = 459826D41D56C74900B54CB1 /* AppDelegate.swift */; };
		459826D71D56C74900B54CB1 /* ViewController.swift in Sources */ = {isa = PBXBuildFile; fileRef = 459826D61D56C74900B54CB1 /* ViewController.swift */; };
		459826D91D56C74900B54CB1 /* Assets.xcassets in Resources */ = {isa = PBXBuildFile; fileRef = 459826D81D56C74900B54CB1 /* Assets.xcassets */; };
		459826DC1D56C74900B54CB1 /* Main.storyboard in Resources */ = {isa = PBXBuildFile; fileRef = 459826DA1D56C74900B54CB1 /* Main.storyboard */; };
		459826E41D56C76700B54CB1 /* SwiftUtilities.framework in Frameworks */ = {isa = PBXBuildFile; fileRef = 45E8EEA4199A8E080035C722 /* SwiftUtilities.framework */; };
		459826E51D56C77500B54CB1 /* SwiftUtilities.framework in CopyFiles */ = {isa = PBXBuildFile; fileRef = 45E8EEA4199A8E080035C722 /* SwiftUtilities.framework */; settings = {ATTRIBUTES = (CodeSignOnCopy, RemoveHeadersOnCopy, ); }; };
		459BADEA1C86959F0014F696 /* ResultTests.swift in Sources */ = {isa = PBXBuildFile; fileRef = 459BADE91C86959F0014F696 /* ResultTests.swift */; };
		45A976A11C59DF000071D6C3 /* MapTable.swift in Sources */ = {isa = PBXBuildFile; fileRef = 45A976A01C59DF000071D6C3 /* MapTable.swift */; };
		45A976A21C59DF0F0071D6C3 /* MapTable.swift in Sources */ = {isa = PBXBuildFile; fileRef = 45A976A01C59DF000071D6C3 /* MapTable.swift */; };
		45BA691019C4C48E00FA7252 /* NSRange_Tests.swift in Sources */ = {isa = PBXBuildFile; fileRef = 45BA690F19C4C48E00FA7252 /* NSRange_Tests.swift */; };
		45C2A56D1C8641C300488C45 /* Version.swift in Sources */ = {isa = PBXBuildFile; fileRef = 45C2A56C1C8641C300488C45 /* Version.swift */; };
		45C2A56E1C8641C500488C45 /* Version.swift in Sources */ = {isa = PBXBuildFile; fileRef = 45C2A56C1C8641C300488C45 /* Version.swift */; };
		45C2A5761C86428B00488C45 /* Comparison.swift in Sources */ = {isa = PBXBuildFile; fileRef = 45C2A5751C86428B00488C45 /* Comparison.swift */; };
		45C2A5771C86428B00488C45 /* Comparison.swift in Sources */ = {isa = PBXBuildFile; fileRef = 45C2A5751C86428B00488C45 /* Comparison.swift */; };
		45C2A57B1C86430D00488C45 /* ComparisonTests.swift in Sources */ = {isa = PBXBuildFile; fileRef = 45C2A57A1C86430D00488C45 /* ComparisonTests.swift */; };
		45C2A57D1C86438900488C45 /* VersionTests.swift in Sources */ = {isa = PBXBuildFile; fileRef = 45C2A57C1C86438900488C45 /* VersionTests.swift */; };
		45C3101E1C555238002A9141 /* AStarSearch.swift in Sources */ = {isa = PBXBuildFile; fileRef = 45C30FF21C555238002A9141 /* AStarSearch.swift */; };
		45C3101F1C555238002A9141 /* AStarSearch.swift in Sources */ = {isa = PBXBuildFile; fileRef = 45C30FF21C555238002A9141 /* AStarSearch.swift */; };
		45C310201C555238002A9141 /* Bases.swift in Sources */ = {isa = PBXBuildFile; fileRef = 45C30FF31C555238002A9141 /* Bases.swift */; };
		45C310211C555238002A9141 /* Bases.swift in Sources */ = {isa = PBXBuildFile; fileRef = 45C30FF31C555238002A9141 /* Bases.swift */; };
		45C310221C555238002A9141 /* BitRange.swift in Sources */ = {isa = PBXBuildFile; fileRef = 45C30FF41C555238002A9141 /* BitRange.swift */; };
		45C310231C555238002A9141 /* BitRange.swift in Sources */ = {isa = PBXBuildFile; fileRef = 45C30FF41C555238002A9141 /* BitRange.swift */; };
		45C310261C555238002A9141 /* Box.swift in Sources */ = {isa = PBXBuildFile; fileRef = 45C30FF61C555238002A9141 /* Box.swift */; };
		45C310271C555238002A9141 /* Box.swift in Sources */ = {isa = PBXBuildFile; fileRef = 45C30FF61C555238002A9141 /* Box.swift */; };
		45C3102A1C555238002A9141 /* BufferType.swift in Sources */ = {isa = PBXBuildFile; fileRef = 45C30FF81C555238002A9141 /* BufferType.swift */; };
		45C3102B1C555238002A9141 /* BufferType.swift in Sources */ = {isa = PBXBuildFile; fileRef = 45C30FF81C555238002A9141 /* BufferType.swift */; };
		45C3102C1C555238002A9141 /* CRC16.swift in Sources */ = {isa = PBXBuildFile; fileRef = 45C30FF91C555238002A9141 /* CRC16.swift */; };
		45C3102D1C555238002A9141 /* CRC16.swift in Sources */ = {isa = PBXBuildFile; fileRef = 45C30FF91C555238002A9141 /* CRC16.swift */; };
		45C3102E1C555238002A9141 /* DataScanner.swift in Sources */ = {isa = PBXBuildFile; fileRef = 45C30FFA1C555238002A9141 /* DataScanner.swift */; };
		45C3102F1C555238002A9141 /* DataScanner.swift in Sources */ = {isa = PBXBuildFile; fileRef = 45C30FFA1C555238002A9141 /* DataScanner.swift */; };
		45C310301C555238002A9141 /* DispatchData.swift in Sources */ = {isa = PBXBuildFile; fileRef = 45C30FFB1C555238002A9141 /* DispatchData.swift */; };
		45C310311C555238002A9141 /* DispatchData.swift in Sources */ = {isa = PBXBuildFile; fileRef = 45C30FFB1C555238002A9141 /* DispatchData.swift */; };
		45C310321C555238002A9141 /* Endianness.swift in Sources */ = {isa = PBXBuildFile; fileRef = 45C30FFC1C555238002A9141 /* Endianness.swift */; };
		45C310331C555238002A9141 /* Endianness.swift in Sources */ = {isa = PBXBuildFile; fileRef = 45C30FFC1C555238002A9141 /* Endianness.swift */; };
		45C310341C555238002A9141 /* Errno.swift in Sources */ = {isa = PBXBuildFile; fileRef = 45C30FFD1C555238002A9141 /* Errno.swift */; };
		45C310351C555238002A9141 /* Errno.swift in Sources */ = {isa = PBXBuildFile; fileRef = 45C30FFD1C555238002A9141 /* Errno.swift */; };
		45C310361C555238002A9141 /* Errors.swift in Sources */ = {isa = PBXBuildFile; fileRef = 45C30FFE1C555238002A9141 /* Errors.swift */; };
		45C310371C555238002A9141 /* Errors.swift in Sources */ = {isa = PBXBuildFile; fileRef = 45C30FFE1C555238002A9141 /* Errors.swift */; };
		45C310381C555238002A9141 /* BlockValueTransformer.swift in Sources */ = {isa = PBXBuildFile; fileRef = 45C30FFF1C555238002A9141 /* BlockValueTransformer.swift */; };
		45C310391C555238002A9141 /* BlockValueTransformer.swift in Sources */ = {isa = PBXBuildFile; fileRef = 45C30FFF1C555238002A9141 /* BlockValueTransformer.swift */; };
		45C3103A1C555238002A9141 /* Heap.swift in Sources */ = {isa = PBXBuildFile; fileRef = 45C310001C555238002A9141 /* Heap.swift */; };
		45C3103B1C555238002A9141 /* Heap.swift in Sources */ = {isa = PBXBuildFile; fileRef = 45C310001C555238002A9141 /* Heap.swift */; };
		45C3103C1C555238002A9141 /* Math.swift in Sources */ = {isa = PBXBuildFile; fileRef = 45C310011C555238002A9141 /* Math.swift */; };
		45C3103D1C555238002A9141 /* Math.swift in Sources */ = {isa = PBXBuildFile; fileRef = 45C310011C555238002A9141 /* Math.swift */; };
		45C310401C555238002A9141 /* Data+Extensions.swift in Sources */ = {isa = PBXBuildFile; fileRef = 45C310031C555238002A9141 /* Data+Extensions.swift */; };
		45C310411C555238002A9141 /* Data+Extensions.swift in Sources */ = {isa = PBXBuildFile; fileRef = 45C310031C555238002A9141 /* Data+Extensions.swift */; };
		45C310421C555238002A9141 /* NSDate+Extensions.swift in Sources */ = {isa = PBXBuildFile; fileRef = 45C310041C555238002A9141 /* NSDate+Extensions.swift */; };
		45C310431C555238002A9141 /* NSDate+Extensions.swift in Sources */ = {isa = PBXBuildFile; fileRef = 45C310041C555238002A9141 /* NSDate+Extensions.swift */; };
		45C310441C555238002A9141 /* NSMapTable+Extensions.swift in Sources */ = {isa = PBXBuildFile; fileRef = 45C310051C555238002A9141 /* NSMapTable+Extensions.swift */; };
		45C310451C555238002A9141 /* NSMapTable+Extensions.swift in Sources */ = {isa = PBXBuildFile; fileRef = 45C310051C555238002A9141 /* NSMapTable+Extensions.swift */; };
		45C310461C555238002A9141 /* NSRange+Extensions.swift in Sources */ = {isa = PBXBuildFile; fileRef = 45C310061C555238002A9141 /* NSRange+Extensions.swift */; };
		45C310471C555238002A9141 /* NSRange+Extensions.swift in Sources */ = {isa = PBXBuildFile; fileRef = 45C310061C555238002A9141 /* NSRange+Extensions.swift */; };
		45C310481C555238002A9141 /* Observable.swift in Sources */ = {isa = PBXBuildFile; fileRef = 45C310071C555238002A9141 /* Observable.swift */; };
		45C310491C555238002A9141 /* Observable.swift in Sources */ = {isa = PBXBuildFile; fileRef = 45C310071C555238002A9141 /* Observable.swift */; };
		45C3104A1C555238002A9141 /* Path.swift in Sources */ = {isa = PBXBuildFile; fileRef = 45C310081C555238002A9141 /* Path.swift */; };
		45C3104B1C555238002A9141 /* Path.swift in Sources */ = {isa = PBXBuildFile; fileRef = 45C310081C555238002A9141 /* Path.swift */; };
		45C3104C1C555238002A9141 /* PriorityQueue.swift in Sources */ = {isa = PBXBuildFile; fileRef = 45C310091C555238002A9141 /* PriorityQueue.swift */; };
		45C3104D1C555238002A9141 /* PriorityQueue.swift in Sources */ = {isa = PBXBuildFile; fileRef = 45C310091C555238002A9141 /* PriorityQueue.swift */; };
		45C3104E1C555238002A9141 /* TestingPublisher.swift in Sources */ = {isa = PBXBuildFile; fileRef = 45C3100A1C555238002A9141 /* TestingPublisher.swift */; };
		45C3104F1C555238002A9141 /* TestingPublisher.swift in Sources */ = {isa = PBXBuildFile; fileRef = 45C3100A1C555238002A9141 /* TestingPublisher.swift */; };
		45C310501C555238002A9141 /* PureUtilities.swift in Sources */ = {isa = PBXBuildFile; fileRef = 45C3100B1C555238002A9141 /* PureUtilities.swift */; };
		45C310511C555238002A9141 /* PureUtilities.swift in Sources */ = {isa = PBXBuildFile; fileRef = 45C3100B1C555238002A9141 /* PureUtilities.swift */; };
		45C310581C555238002A9141 /* RegularExpression.swift in Sources */ = {isa = PBXBuildFile; fileRef = 45C310101C555238002A9141 /* RegularExpression.swift */; };
		45C310591C555238002A9141 /* RegularExpression.swift in Sources */ = {isa = PBXBuildFile; fileRef = 45C310101C555238002A9141 /* RegularExpression.swift */; };
		45C3105A1C555238002A9141 /* Result.swift in Sources */ = {isa = PBXBuildFile; fileRef = 45C310111C555238002A9141 /* Result.swift */; };
		45C3105B1C555238002A9141 /* Result.swift in Sources */ = {isa = PBXBuildFile; fileRef = 45C310111C555238002A9141 /* Result.swift */; };
		45C3105C1C555238002A9141 /* Search.swift in Sources */ = {isa = PBXBuildFile; fileRef = 45C310121C555238002A9141 /* Search.swift */; };
		45C3105D1C555238002A9141 /* Search.swift in Sources */ = {isa = PBXBuildFile; fileRef = 45C310121C555238002A9141 /* Search.swift */; };
		45C3105E1C555238002A9141 /* String+Extensions.swift in Sources */ = {isa = PBXBuildFile; fileRef = 45C310131C555238002A9141 /* String+Extensions.swift */; };
		45C3105F1C555238002A9141 /* String+Extensions.swift in Sources */ = {isa = PBXBuildFile; fileRef = 45C310131C555238002A9141 /* String+Extensions.swift */; };
		45C310601C555238002A9141 /* String+Foundation.swift in Sources */ = {isa = PBXBuildFile; fileRef = 45C310141C555238002A9141 /* String+Foundation.swift */; };
		45C310611C555238002A9141 /* String+Foundation.swift in Sources */ = {isa = PBXBuildFile; fileRef = 45C310141C555238002A9141 /* String+Foundation.swift */; };
		45C310621C555238002A9141 /* SwiftUtilities.h in Headers */ = {isa = PBXBuildFile; fileRef = 45C310151C555238002A9141 /* SwiftUtilities.h */; settings = {ATTRIBUTES = (Public, ); }; };
		45C310631C555238002A9141 /* SwiftUtilities.h in Headers */ = {isa = PBXBuildFile; fileRef = 45C310151C555238002A9141 /* SwiftUtilities.h */; settings = {ATTRIBUTES = (Public, ); }; };
		45C310641C555238002A9141 /* Threading.swift in Sources */ = {isa = PBXBuildFile; fileRef = 45C310161C555238002A9141 /* Threading.swift */; };
		45C310651C555238002A9141 /* Threading.swift in Sources */ = {isa = PBXBuildFile; fileRef = 45C310161C555238002A9141 /* Threading.swift */; };
		45C310681C555238002A9141 /* Timestamp.swift in Sources */ = {isa = PBXBuildFile; fileRef = 45C310181C555238002A9141 /* Timestamp.swift */; };
		45C310691C555238002A9141 /* Timestamp.swift in Sources */ = {isa = PBXBuildFile; fileRef = 45C310181C555238002A9141 /* Timestamp.swift */; };
		45C3106A1C555238002A9141 /* UnsafeBufferPointers.swift in Sources */ = {isa = PBXBuildFile; fileRef = 45C310191C555238002A9141 /* UnsafeBufferPointers.swift */; };
		45C3106B1C555238002A9141 /* UnsafeBufferPointers.swift in Sources */ = {isa = PBXBuildFile; fileRef = 45C310191C555238002A9141 /* UnsafeBufferPointers.swift */; };
		45C3106C1C555238002A9141 /* Utilities.swift in Sources */ = {isa = PBXBuildFile; fileRef = 45C3101A1C555238002A9141 /* Utilities.swift */; };
		45C3106D1C555238002A9141 /* Utilities.swift in Sources */ = {isa = PBXBuildFile; fileRef = 45C3101A1C555238002A9141 /* Utilities.swift */; };
		45C3106E1C555238002A9141 /* Walker.swift in Sources */ = {isa = PBXBuildFile; fileRef = 45C3101B1C555238002A9141 /* Walker.swift */; };
		45C3106F1C555238002A9141 /* Walker.swift in Sources */ = {isa = PBXBuildFile; fileRef = 45C3101B1C555238002A9141 /* Walker.swift */; };
		45D52E721BE03A700020F6E7 /* HeapTests.swift in Sources */ = {isa = PBXBuildFile; fileRef = 45D52E6E1BE036E70020F6E7 /* HeapTests.swift */; };
		45EA099F1B44C62B00505D14 /* DispatchDataTest.swift in Sources */ = {isa = PBXBuildFile; fileRef = 45EA099E1B44C62B00505D14 /* DispatchDataTest.swift */; };
/* End PBXBuildFile section */

/* Begin PBXContainerItemProxy section */
		45052CE4199ADF700037C05D /* PBXContainerItemProxy */ = {
			isa = PBXContainerItemProxy;
			containerPortal = 45E8EE9B199A8E080035C722 /* Project object */;
			proxyType = 1;
			remoteGlobalIDString = 45E8EEA3199A8E080035C722;
			remoteInfo = "SwiftUtilities (Mac OS X)";
		};
		459826E11D56C75400B54CB1 /* PBXContainerItemProxy */ = {
			isa = PBXContainerItemProxy;
			containerPortal = 45E8EE9B199A8E080035C722 /* Project object */;
			proxyType = 1;
			remoteGlobalIDString = 45E8EEA3199A8E080035C722;
			remoteInfo = SwiftUtilities_OSX;
		};
/* End PBXContainerItemProxy section */

/* Begin PBXCopyFilesBuildPhase section */
		459826E31D56C75F00B54CB1 /* CopyFiles */ = {
			isa = PBXCopyFilesBuildPhase;
			buildActionMask = 2147483647;
			dstPath = "";
			dstSubfolderSpec = 7;
			files = (
				459826E51D56C77500B54CB1 /* SwiftUtilities.framework in CopyFiles */,
			);
			runOnlyForDeploymentPostprocessing = 0;
		};
/* End PBXCopyFilesBuildPhase section */

/* Begin PBXFileReference section */
		4521A3B81B90F2F6007087D2 /* BloomFilter.playground */ = {isa = PBXFileReference; lastKnownFileType = file.playground; path = BloomFilter.playground; sourceTree = "<group>"; };
		4525C3951CB7654900B5F529 /* Benchmark.swift */ = {isa = PBXFileReference; fileEncoding = 4; lastKnownFileType = sourcecode.swift; path = Benchmark.swift; sourceTree = "<group>"; };
		452B30AB1AC0996100920B6A /* RegularExpressionPlayground.playground */ = {isa = PBXFileReference; lastKnownFileType = file.playground; path = RegularExpressionPlayground.playground; sourceTree = "<group>"; };
		452BF90A1C91F0D100E4086A /* Atomic.swift */ = {isa = PBXFileReference; fileEncoding = 4; lastKnownFileType = sourcecode.swift; path = Atomic.swift; sourceTree = "<group>"; };
		452E1A2C1BCDC30F000FC9FA /* RegularExpressionTests.swift */ = {isa = PBXFileReference; fileEncoding = 4; lastKnownFileType = sourcecode.swift; path = RegularExpressionTests.swift; sourceTree = "<group>"; };
		452E96FC1B3CA523002269CD /* NumberBases_Tests.swift */ = {isa = PBXFileReference; fileEncoding = 4; lastKnownFileType = sourcecode.swift; path = NumberBases_Tests.swift; sourceTree = "<group>"; };
		452E96FD1B3CA523002269CD /* Utilities.swift */ = {isa = PBXFileReference; fileEncoding = 4; lastKnownFileType = sourcecode.swift; path = Utilities.swift; sourceTree = "<group>"; };
		452E97001B3CA529002269CD /* BitRange_Tests.swift */ = {isa = PBXFileReference; fileEncoding = 4; lastKnownFileType = sourcecode.swift; path = BitRange_Tests.swift; sourceTree = "<group>"; };
		4535F4CA1CA70C3C0035C0EB /* Dispatch.swift */ = {isa = PBXFileReference; fileEncoding = 4; lastKnownFileType = sourcecode.swift; path = Dispatch.swift; sourceTree = "<group>"; };
		453C932E1C83984C00A4F5E0 /* AssociatedObjectHelper.swift */ = {isa = PBXFileReference; fileEncoding = 4; lastKnownFileType = sourcecode.swift; path = AssociatedObjectHelper.swift; sourceTree = "<group>"; };
		453D8D391C17577300CC5D8F /* Info.plist */ = {isa = PBXFileReference; lastKnownFileType = text.plist.xml; path = Info.plist; sourceTree = "<group>"; };
		453E47811B7C2D950070218B /* DataScannerTest.swift */ = {isa = PBXFileReference; fileEncoding = 4; lastKnownFileType = sourcecode.swift; path = DataScannerTest.swift; sourceTree = "<group>"; };
		454146111CE660DA00B847E1 /* Collections+Misc.swift */ = {isa = PBXFileReference; fileEncoding = 4; lastKnownFileType = sourcecode.swift; path = "Collections+Misc.swift"; sourceTree = "<group>"; };
		454820E91D15CF23003AB1D6 /* Info.plist */ = {isa = PBXFileReference; fileEncoding = 4; lastKnownFileType = text.plist.xml; path = Info.plist; sourceTree = "<group>"; };
		455B23991C55FA2400D19F7F /* PathTests.swift */ = {isa = PBXFileReference; fileEncoding = 4; lastKnownFileType = sourcecode.swift; path = PathTests.swift; sourceTree = "<group>"; };
		455B6A201D95A83A00F0238E /* LICENSE.txt */ = {isa = PBXFileReference; lastKnownFileType = text; path = LICENSE.txt; sourceTree = "<group>"; };
		456A88841C55F00800189B2C /* NSURL+Extensions.swift */ = {isa = PBXFileReference; fileEncoding = 4; lastKnownFileType = sourcecode.swift; path = "NSURL+Extensions.swift"; sourceTree = "<group>"; };
		456A88871C55F05600189B2C /* InternalUtilities.swift */ = {isa = PBXFileReference; fileEncoding = 4; lastKnownFileType = sourcecode.swift; path = InternalUtilities.swift; sourceTree = "<group>"; };
		457D374E1B910DB100A67740 /* BitRange.playground */ = {isa = PBXFileReference; lastKnownFileType = file.playground; path = BitRange.playground; sourceTree = "<group>"; };
		457D6BD01D00AF220046EAB6 /* Publisher.swift */ = {isa = PBXFileReference; fileEncoding = 4; lastKnownFileType = sourcecode.swift; path = Publisher.swift; sourceTree = "<group>"; };
		457D6BD31D00B4140046EAB6 /* TestingPublisher.playground */ = {isa = PBXFileReference; lastKnownFileType = file.playground; path = TestingPublisher.playground; sourceTree = "<group>"; };
		458132071C01580900A113F7 /* ObservableTests.swift */ = {isa = PBXFileReference; fileEncoding = 4; lastKnownFileType = sourcecode.swift; path = ObservableTests.swift; sourceTree = "<group>"; };
		45880D401BB43BCC00BB6344 /* README.markdown */ = {isa = PBXFileReference; lastKnownFileType = net.daringfireball.markdown; path = README.markdown; sourceTree = "<group>"; };
		458825021B90CD2900D438AD /* DispatchData.playground */ = {isa = PBXFileReference; lastKnownFileType = file.playground; path = DispatchData.playground; sourceTree = "<group>"; };
		458D01B51CE282120092A2E8 /* Hexdump.swift */ = {isa = PBXFileReference; fileEncoding = 4; lastKnownFileType = sourcecode.swift; path = Hexdump.swift; sourceTree = "<group>"; };
		459826D21D56C74800B54CB1 /* Testing.app */ = {isa = PBXFileReference; explicitFileType = wrapper.application; includeInIndex = 0; path = Testing.app; sourceTree = BUILT_PRODUCTS_DIR; };
		459826D41D56C74900B54CB1 /* AppDelegate.swift */ = {isa = PBXFileReference; lastKnownFileType = sourcecode.swift; path = AppDelegate.swift; sourceTree = "<group>"; };
		459826D61D56C74900B54CB1 /* ViewController.swift */ = {isa = PBXFileReference; lastKnownFileType = sourcecode.swift; path = ViewController.swift; sourceTree = "<group>"; };
		459826D81D56C74900B54CB1 /* Assets.xcassets */ = {isa = PBXFileReference; lastKnownFileType = folder.assetcatalog; path = Assets.xcassets; sourceTree = "<group>"; };
		459826DB1D56C74900B54CB1 /* Base */ = {isa = PBXFileReference; lastKnownFileType = file.storyboard; name = Base; path = Base.lproj/Main.storyboard; sourceTree = "<group>"; };
		459826DD1D56C74900B54CB1 /* Info.plist */ = {isa = PBXFileReference; lastKnownFileType = text.plist.xml; path = Info.plist; sourceTree = "<group>"; };
		459BADE91C86959F0014F696 /* ResultTests.swift */ = {isa = PBXFileReference; fileEncoding = 4; lastKnownFileType = sourcecode.swift; path = ResultTests.swift; sourceTree = "<group>"; };
		45A976A01C59DF000071D6C3 /* MapTable.swift */ = {isa = PBXFileReference; fileEncoding = 4; lastKnownFileType = sourcecode.swift; path = MapTable.swift; sourceTree = "<group>"; };
		45B13E331AC076450035DEE9 /* Walker.playground */ = {isa = PBXFileReference; lastKnownFileType = file.playground; path = Walker.playground; sourceTree = "<group>"; };
		45B6EABF1C45CAD100ED40D0 /* PriorityQueue.playground */ = {isa = PBXFileReference; lastKnownFileType = file.playground; path = PriorityQueue.playground; sourceTree = "<group>"; };
		45BA690F19C4C48E00FA7252 /* NSRange_Tests.swift */ = {isa = PBXFileReference; fileEncoding = 4; lastKnownFileType = sourcecode.swift; path = NSRange_Tests.swift; sourceTree = "<group>"; };
		45C2A56C1C8641C300488C45 /* Version.swift */ = {isa = PBXFileReference; fileEncoding = 4; lastKnownFileType = sourcecode.swift; path = Version.swift; sourceTree = "<group>"; };
		45C2A5751C86428B00488C45 /* Comparison.swift */ = {isa = PBXFileReference; fileEncoding = 4; lastKnownFileType = sourcecode.swift; path = Comparison.swift; sourceTree = "<group>"; };
		45C2A57A1C86430D00488C45 /* ComparisonTests.swift */ = {isa = PBXFileReference; fileEncoding = 4; lastKnownFileType = sourcecode.swift; path = ComparisonTests.swift; sourceTree = "<group>"; };
		45C2A57C1C86438900488C45 /* VersionTests.swift */ = {isa = PBXFileReference; fileEncoding = 4; lastKnownFileType = sourcecode.swift; path = VersionTests.swift; sourceTree = "<group>"; };
		45C30FF21C555238002A9141 /* AStarSearch.swift */ = {isa = PBXFileReference; fileEncoding = 4; lastKnownFileType = sourcecode.swift; path = AStarSearch.swift; sourceTree = "<group>"; };
		45C30FF31C555238002A9141 /* Bases.swift */ = {isa = PBXFileReference; fileEncoding = 4; lastKnownFileType = sourcecode.swift; path = Bases.swift; sourceTree = "<group>"; };
		45C30FF41C555238002A9141 /* BitRange.swift */ = {isa = PBXFileReference; fileEncoding = 4; lastKnownFileType = sourcecode.swift; path = BitRange.swift; sourceTree = "<group>"; };
		45C30FF61C555238002A9141 /* Box.swift */ = {isa = PBXFileReference; fileEncoding = 4; lastKnownFileType = sourcecode.swift; path = Box.swift; sourceTree = "<group>"; };
		45C30FF81C555238002A9141 /* BufferType.swift */ = {isa = PBXFileReference; fileEncoding = 4; lastKnownFileType = sourcecode.swift; path = BufferType.swift; sourceTree = "<group>"; };
		45C30FF91C555238002A9141 /* CRC16.swift */ = {isa = PBXFileReference; fileEncoding = 4; lastKnownFileType = sourcecode.swift; path = CRC16.swift; sourceTree = "<group>"; };
		45C30FFA1C555238002A9141 /* DataScanner.swift */ = {isa = PBXFileReference; fileEncoding = 4; lastKnownFileType = sourcecode.swift; path = DataScanner.swift; sourceTree = "<group>"; };
		45C30FFB1C555238002A9141 /* DispatchData.swift */ = {isa = PBXFileReference; fileEncoding = 4; lastKnownFileType = sourcecode.swift; path = DispatchData.swift; sourceTree = "<group>"; };
		45C30FFC1C555238002A9141 /* Endianness.swift */ = {isa = PBXFileReference; fileEncoding = 4; lastKnownFileType = sourcecode.swift; path = Endianness.swift; sourceTree = "<group>"; };
		45C30FFD1C555238002A9141 /* Errno.swift */ = {isa = PBXFileReference; fileEncoding = 4; lastKnownFileType = sourcecode.swift; path = Errno.swift; sourceTree = "<group>"; };
		45C30FFE1C555238002A9141 /* Errors.swift */ = {isa = PBXFileReference; fileEncoding = 4; lastKnownFileType = sourcecode.swift; path = Errors.swift; sourceTree = "<group>"; };
		45C30FFF1C555238002A9141 /* BlockValueTransformer.swift */ = {isa = PBXFileReference; fileEncoding = 4; lastKnownFileType = sourcecode.swift; path = BlockValueTransformer.swift; sourceTree = "<group>"; };
		45C310001C555238002A9141 /* Heap.swift */ = {isa = PBXFileReference; fileEncoding = 4; lastKnownFileType = sourcecode.swift; path = Heap.swift; sourceTree = "<group>"; };
		45C310011C555238002A9141 /* Math.swift */ = {isa = PBXFileReference; fileEncoding = 4; lastKnownFileType = sourcecode.swift; path = Math.swift; sourceTree = "<group>"; };
		45C310031C555238002A9141 /* Data+Extensions.swift */ = {isa = PBXFileReference; fileEncoding = 4; lastKnownFileType = sourcecode.swift; path = "Data+Extensions.swift"; sourceTree = "<group>"; };
		45C310041C555238002A9141 /* NSDate+Extensions.swift */ = {isa = PBXFileReference; fileEncoding = 4; lastKnownFileType = sourcecode.swift; path = "NSDate+Extensions.swift"; sourceTree = "<group>"; };
		45C310051C555238002A9141 /* NSMapTable+Extensions.swift */ = {isa = PBXFileReference; fileEncoding = 4; lastKnownFileType = sourcecode.swift; path = "NSMapTable+Extensions.swift"; sourceTree = "<group>"; };
		45C310061C555238002A9141 /* NSRange+Extensions.swift */ = {isa = PBXFileReference; fileEncoding = 4; lastKnownFileType = sourcecode.swift; path = "NSRange+Extensions.swift"; sourceTree = "<group>"; };
		45C310071C555238002A9141 /* Observable.swift */ = {isa = PBXFileReference; fileEncoding = 4; lastKnownFileType = sourcecode.swift; path = Observable.swift; sourceTree = "<group>"; };
		45C310081C555238002A9141 /* Path.swift */ = {isa = PBXFileReference; fileEncoding = 4; lastKnownFileType = sourcecode.swift; path = Path.swift; sourceTree = "<group>"; };
		45C310091C555238002A9141 /* PriorityQueue.swift */ = {isa = PBXFileReference; fileEncoding = 4; lastKnownFileType = sourcecode.swift; path = PriorityQueue.swift; sourceTree = "<group>"; };
		45C3100A1C555238002A9141 /* TestingPublisher.swift */ = {isa = PBXFileReference; fileEncoding = 4; lastKnownFileType = sourcecode.swift; path = TestingPublisher.swift; sourceTree = "<group>"; };
		45C3100B1C555238002A9141 /* PureUtilities.swift */ = {isa = PBXFileReference; fileEncoding = 4; lastKnownFileType = sourcecode.swift; path = PureUtilities.swift; sourceTree = "<group>"; };
		45C310101C555238002A9141 /* RegularExpression.swift */ = {isa = PBXFileReference; fileEncoding = 4; lastKnownFileType = sourcecode.swift; path = RegularExpression.swift; sourceTree = "<group>"; };
		45C310111C555238002A9141 /* Result.swift */ = {isa = PBXFileReference; fileEncoding = 4; lastKnownFileType = sourcecode.swift; path = Result.swift; sourceTree = "<group>"; };
		45C310121C555238002A9141 /* Search.swift */ = {isa = PBXFileReference; fileEncoding = 4; lastKnownFileType = sourcecode.swift; path = Search.swift; sourceTree = "<group>"; };
		45C310131C555238002A9141 /* String+Extensions.swift */ = {isa = PBXFileReference; fileEncoding = 4; lastKnownFileType = sourcecode.swift; path = "String+Extensions.swift"; sourceTree = "<group>"; };
		45C310141C555238002A9141 /* String+Foundation.swift */ = {isa = PBXFileReference; fileEncoding = 4; lastKnownFileType = sourcecode.swift; path = "String+Foundation.swift"; sourceTree = "<group>"; };
		45C310151C555238002A9141 /* SwiftUtilities.h */ = {isa = PBXFileReference; fileEncoding = 4; lastKnownFileType = sourcecode.c.h; path = SwiftUtilities.h; sourceTree = "<group>"; };
		45C310161C555238002A9141 /* Threading.swift */ = {isa = PBXFileReference; fileEncoding = 4; lastKnownFileType = sourcecode.swift; path = Threading.swift; sourceTree = "<group>"; };
		45C310181C555238002A9141 /* Timestamp.swift */ = {isa = PBXFileReference; fileEncoding = 4; lastKnownFileType = sourcecode.swift; path = Timestamp.swift; sourceTree = "<group>"; };
		45C310191C555238002A9141 /* UnsafeBufferPointers.swift */ = {isa = PBXFileReference; fileEncoding = 4; lastKnownFileType = sourcecode.swift; path = UnsafeBufferPointers.swift; sourceTree = "<group>"; };
		45C3101A1C555238002A9141 /* Utilities.swift */ = {isa = PBXFileReference; fileEncoding = 4; lastKnownFileType = sourcecode.swift; path = Utilities.swift; sourceTree = "<group>"; };
		45C3101B1C555238002A9141 /* Walker.swift */ = {isa = PBXFileReference; fileEncoding = 4; lastKnownFileType = sourcecode.swift; path = Walker.swift; sourceTree = "<group>"; };
		45D1CDBE1D494875005BE75C /* Versions.playground */ = {isa = PBXFileReference; lastKnownFileType = file.playground; path = Versions.playground; sourceTree = "<group>"; };
		45D52E6E1BE036E70020F6E7 /* HeapTests.swift */ = {isa = PBXFileReference; fileEncoding = 4; lastKnownFileType = sourcecode.swift; path = HeapTests.swift; sourceTree = "<group>"; };
		45E4699E1D5679A100F99DB3 /* Paths.playground */ = {isa = PBXFileReference; lastKnownFileType = file.playground; path = Paths.playground; sourceTree = "<group>"; };
		45E8EEA4199A8E080035C722 /* SwiftUtilities.framework */ = {isa = PBXFileReference; explicitFileType = wrapper.framework; includeInIndex = 0; path = SwiftUtilities.framework; sourceTree = BUILT_PRODUCTS_DIR; };
		45E8EEC6199A8EA50035C722 /* SwiftUtilities.framework */ = {isa = PBXFileReference; explicitFileType = wrapper.framework; includeInIndex = 0; path = SwiftUtilities.framework; sourceTree = BUILT_PRODUCTS_DIR; };
		45E8EEE2199A90720035C722 /* SwiftUtilities_OSX_Tests.xctest */ = {isa = PBXFileReference; explicitFileType = wrapper.cfbundle; includeInIndex = 0; path = SwiftUtilities_OSX_Tests.xctest; sourceTree = BUILT_PRODUCTS_DIR; };
		45EA099E1B44C62B00505D14 /* DispatchDataTest.swift */ = {isa = PBXFileReference; fileEncoding = 4; lastKnownFileType = sourcecode.swift; path = DispatchDataTest.swift; sourceTree = "<group>"; };
		45FDD2D01B423CD400BF207C /* Bits.playground */ = {isa = PBXFileReference; lastKnownFileType = file.playground; path = Bits.playground; sourceTree = "<group>"; };
/* End PBXFileReference section */

/* Begin PBXFrameworksBuildPhase section */
		459826CF1D56C74800B54CB1 /* Frameworks */ = {
			isa = PBXFrameworksBuildPhase;
			buildActionMask = 2147483647;
			files = (
				459826E41D56C76700B54CB1 /* SwiftUtilities.framework in Frameworks */,
			);
			runOnlyForDeploymentPostprocessing = 0;
		};
		45E8EEA0199A8E080035C722 /* Frameworks */ = {
			isa = PBXFrameworksBuildPhase;
			buildActionMask = 2147483647;
			files = (
			);
			runOnlyForDeploymentPostprocessing = 0;
		};
		45E8EEC2199A8EA50035C722 /* Frameworks */ = {
			isa = PBXFrameworksBuildPhase;
			buildActionMask = 2147483647;
			files = (
			);
			runOnlyForDeploymentPostprocessing = 0;
		};
		45E8EEDF199A90720035C722 /* Frameworks */ = {
			isa = PBXFrameworksBuildPhase;
			buildActionMask = 2147483647;
			files = (
				453E47831B7C31E30070218B /* SwiftUtilities.framework in Frameworks */,
			);
			runOnlyForDeploymentPostprocessing = 0;
		};
/* End PBXFrameworksBuildPhase section */

/* Begin PBXGroup section */
		459826D31D56C74900B54CB1 /* Testing */ = {
			isa = PBXGroup;
			children = (
				459826D41D56C74900B54CB1 /* AppDelegate.swift */,
				459826D61D56C74900B54CB1 /* ViewController.swift */,
				459826D81D56C74900B54CB1 /* Assets.xcassets */,
				459826DA1D56C74900B54CB1 /* Main.storyboard */,
				459826DD1D56C74900B54CB1 /* Info.plist */,
			);
			path = Testing;
			sourceTree = "<group>";
		};
		45B13E311AC076450035DEE9 /* Playgrounds */ = {
			isa = PBXGroup;
			children = (
				452B30AB1AC0996100920B6A /* RegularExpressionPlayground.playground */,
				45B13E331AC076450035DEE9 /* Walker.playground */,
				45FDD2D01B423CD400BF207C /* Bits.playground */,
				458825021B90CD2900D438AD /* DispatchData.playground */,
				4521A3B81B90F2F6007087D2 /* BloomFilter.playground */,
				457D374E1B910DB100A67740 /* BitRange.playground */,
				45B6EABF1C45CAD100ED40D0 /* PriorityQueue.playground */,
				457D6BD31D00B4140046EAB6 /* TestingPublisher.playground */,
				45D1CDBE1D494875005BE75C /* Versions.playground */,
				45E4699E1D5679A100F99DB3 /* Paths.playground */,
			);
			path = Playgrounds;
			sourceTree = "<group>";
		};
		45C30FF01C555238002A9141 /* Source */ = {
			isa = PBXGroup;
			children = (
				453C932E1C83984C00A4F5E0 /* AssociatedObjectHelper.swift */,
				452BF90A1C91F0D100E4086A /* Atomic.swift */,
				4525C3951CB7654900B5F529 /* Benchmark.swift */,
				45C310721C5552F7002A9141 /* Algorithms */,
				45C30FF61C555238002A9141 /* Box.swift */,
				45C310741C55537A002A9141 /* Buffers */,
				45C310701C555268002A9141 /* Collections */,
				45C30FFA1C555238002A9141 /* DataScanner.swift */,
				45C310761C555406002A9141 /* Design Patterns */,
				45C30FFD1C555238002A9141 /* Errno.swift */,
				45C30FFE1C555238002A9141 /* Errors.swift */,
				45C310731C55533B002A9141 /* Foundation */,
				45C310011C555238002A9141 /* Math.swift */,
				45C310081C555238002A9141 /* Path.swift */,
				45C310101C555238002A9141 /* RegularExpression.swift */,
				45C310111C555238002A9141 /* Result.swift */,
				45C310131C555238002A9141 /* String+Extensions.swift */,
				45C310141C555238002A9141 /* String+Foundation.swift */,
				45C310151C555238002A9141 /* SwiftUtilities.h */,
				45C310161C555238002A9141 /* Threading.swift */,
				4535F4CA1CA70C3C0035C0EB /* Dispatch.swift */,
				45C2A56C1C8641C300488C45 /* Version.swift */,
				45C310751C5553BF002A9141 /* To Reorganise */,
				45C310181C555238002A9141 /* Timestamp.swift */,
				45C2A5751C86428B00488C45 /* Comparison.swift */,
			);
			path = Source;
			sourceTree = "<group>";
		};
		45C310701C555268002A9141 /* Collections */ = {
			isa = PBXGroup;
			children = (
				45C310001C555238002A9141 /* Heap.swift */,
				45A976A01C59DF000071D6C3 /* MapTable.swift */,
				45C310091C555238002A9141 /* PriorityQueue.swift */,
				45C3101B1C555238002A9141 /* Walker.swift */,
				454146111CE660DA00B847E1 /* Collections+Misc.swift */,
			);
			name = Collections;
			sourceTree = "<group>";
		};
		45C310721C5552F7002A9141 /* Algorithms */ = {
			isa = PBXGroup;
			children = (
				45C30FF21C555238002A9141 /* AStarSearch.swift */,
				45C30FF91C555238002A9141 /* CRC16.swift */,
				45C310121C555238002A9141 /* Search.swift */,
			);
			name = Algorithms;
			sourceTree = "<group>";
		};
		45C310731C55533B002A9141 /* Foundation */ = {
			isa = PBXGroup;
			children = (
				45C310031C555238002A9141 /* Data+Extensions.swift */,
				45C310041C555238002A9141 /* NSDate+Extensions.swift */,
				45C310051C555238002A9141 /* NSMapTable+Extensions.swift */,
				45C310061C555238002A9141 /* NSRange+Extensions.swift */,
				456A88841C55F00800189B2C /* NSURL+Extensions.swift */,
			);
			name = Foundation;
			sourceTree = "<group>";
		};
		45C310741C55537A002A9141 /* Buffers */ = {
			isa = PBXGroup;
			children = (
				45C30FF31C555238002A9141 /* Bases.swift */,
				45C30FF41C555238002A9141 /* BitRange.swift */,
				45C30FF81C555238002A9141 /* BufferType.swift */,
				45C30FFB1C555238002A9141 /* DispatchData.swift */,
				45C30FFC1C555238002A9141 /* Endianness.swift */,
				45C310191C555238002A9141 /* UnsafeBufferPointers.swift */,
				458D01B51CE282120092A2E8 /* Hexdump.swift */,
			);
			name = Buffers;
			sourceTree = "<group>";
		};
		45C310751C5553BF002A9141 /* To Reorganise */ = {
			isa = PBXGroup;
			children = (
				45C3100B1C555238002A9141 /* PureUtilities.swift */,
				45C3101A1C555238002A9141 /* Utilities.swift */,
				456A88871C55F05600189B2C /* InternalUtilities.swift */,
				45C30FFF1C555238002A9141 /* BlockValueTransformer.swift */,
			);
			name = "To Reorganise";
			sourceTree = "<group>";
		};
		45C310761C555406002A9141 /* Design Patterns */ = {
			isa = PBXGroup;
			children = (
				45C310071C555238002A9141 /* Observable.swift */,
				457D6BD01D00AF220046EAB6 /* Publisher.swift */,
				45C3100A1C555238002A9141 /* TestingPublisher.swift */,
			);
			name = "Design Patterns";
			sourceTree = "<group>";
		};
		45E8EE9A199A8E080035C722 = {
			isa = PBXGroup;
			children = (
				45880D401BB43BCC00BB6344 /* README.markdown */,
				455B6A201D95A83A00F0238E /* LICENSE.txt */,
				45B13E311AC076450035DEE9 /* Playgrounds */,
				45C30FF01C555238002A9141 /* Source */,
				683243C9FC6F570CB43FF73E /* Supporting Files */,
				45E8EEE3199A90720035C722 /* Unit Tests */,
				459826D31D56C74900B54CB1 /* Testing */,
				45E8EEA5199A8E080035C722 /* Products */,
			);
			sourceTree = "<group>";
		};
		45E8EEA5199A8E080035C722 /* Products */ = {
			isa = PBXGroup;
			children = (
				45E8EEA4199A8E080035C722 /* SwiftUtilities.framework */,
				45E8EEC6199A8EA50035C722 /* SwiftUtilities.framework */,
				45E8EEE2199A90720035C722 /* SwiftUtilities_OSX_Tests.xctest */,
				459826D21D56C74800B54CB1 /* Testing.app */,
			);
			name = Products;
			sourceTree = "<group>";
		};
		45E8EEE3199A90720035C722 /* Unit Tests */ = {
			isa = PBXGroup;
			children = (
				45BA690F19C4C48E00FA7252 /* NSRange_Tests.swift */,
				452E96FC1B3CA523002269CD /* NumberBases_Tests.swift */,
				452E97001B3CA529002269CD /* BitRange_Tests.swift */,
				452E96FD1B3CA523002269CD /* Utilities.swift */,
				45EA099E1B44C62B00505D14 /* DispatchDataTest.swift */,
				453E47811B7C2D950070218B /* DataScannerTest.swift */,
				452E1A2C1BCDC30F000FC9FA /* RegularExpressionTests.swift */,
				45D52E6E1BE036E70020F6E7 /* HeapTests.swift */,
				458132071C01580900A113F7 /* ObservableTests.swift */,
				455B23991C55FA2400D19F7F /* PathTests.swift */,
				45C2A57A1C86430D00488C45 /* ComparisonTests.swift */,
				45C2A57C1C86438900488C45 /* VersionTests.swift */,
				459BADE91C86959F0014F696 /* ResultTests.swift */,
				454820E91D15CF23003AB1D6 /* Info.plist */,
			);
			name = "Unit Tests";
			path = Tests;
			sourceTree = "<group>";
		};
		683243C9FC6F570CB43FF73E /* Supporting Files */ = {
			isa = PBXGroup;
			children = (
				453D8D391C17577300CC5D8F /* Info.plist */,
			);
			path = "Supporting Files";
			sourceTree = "<group>";
		};
/* End PBXGroup section */

/* Begin PBXHeadersBuildPhase section */
		45E8EEA1199A8E080035C722 /* Headers */ = {
			isa = PBXHeadersBuildPhase;
			buildActionMask = 2147483647;
			files = (
				45C310631C555238002A9141 /* SwiftUtilities.h in Headers */,
			);
			runOnlyForDeploymentPostprocessing = 0;
		};
		45E8EEC3199A8EA50035C722 /* Headers */ = {
			isa = PBXHeadersBuildPhase;
			buildActionMask = 2147483647;
			files = (
				45C310621C555238002A9141 /* SwiftUtilities.h in Headers */,
			);
			runOnlyForDeploymentPostprocessing = 0;
		};
/* End PBXHeadersBuildPhase section */

/* Begin PBXNativeTarget section */
		459826D11D56C74800B54CB1 /* Testing */ = {
			isa = PBXNativeTarget;
			buildConfigurationList = 459826E01D56C74900B54CB1 /* Build configuration list for PBXNativeTarget "Testing" */;
			buildPhases = (
				459826CE1D56C74800B54CB1 /* Sources */,
				459826CF1D56C74800B54CB1 /* Frameworks */,
				459826D01D56C74800B54CB1 /* Resources */,
				459826E31D56C75F00B54CB1 /* CopyFiles */,
			);
			buildRules = (
			);
			dependencies = (
				459826E21D56C75400B54CB1 /* PBXTargetDependency */,
			);
			name = Testing;
			productName = Testing;
			productReference = 459826D21D56C74800B54CB1 /* Testing.app */;
			productType = "com.apple.product-type.application";
		};
		45E8EEA3199A8E080035C722 /* SwiftUtilities_OSX */ = {
			isa = PBXNativeTarget;
			buildConfigurationList = 45E8EEB7199A8E080035C722 /* Build configuration list for PBXNativeTarget "SwiftUtilities_OSX" */;
			buildPhases = (
				45E8EE9F199A8E080035C722 /* Sources */,
				45E8EEA0199A8E080035C722 /* Frameworks */,
				45E8EEA1199A8E080035C722 /* Headers */,
				45E8EEA2199A8E080035C722 /* Resources */,
				455B239C1C56041300D19F7F /* Run SWiftlint */,
			);
			buildRules = (
			);
			dependencies = (
			);
			name = SwiftUtilities_OSX;
			productName = SwiftUtilities;
			productReference = 45E8EEA4199A8E080035C722 /* SwiftUtilities.framework */;
			productType = "com.apple.product-type.framework";
		};
		45E8EEC5199A8EA50035C722 /* SwiftUtilities_iOS */ = {
			isa = PBXNativeTarget;
			buildConfigurationList = 45E8EED6199A8EA60035C722 /* Build configuration list for PBXNativeTarget "SwiftUtilities_iOS" */;
			buildPhases = (
				45E8EEC1199A8EA50035C722 /* Sources */,
				45E8EEC2199A8EA50035C722 /* Frameworks */,
				45E8EEC3199A8EA50035C722 /* Headers */,
				45E8EEC4199A8EA50035C722 /* Resources */,
				455B239B1C56040400D19F7F /* Run Swiftlint */,
			);
			buildRules = (
			);
			dependencies = (
			);
			name = SwiftUtilities_iOS;
			productName = SwiftUtilities;
			productReference = 45E8EEC6199A8EA50035C722 /* SwiftUtilities.framework */;
			productType = "com.apple.product-type.framework";
		};
		45E8EEE1199A90720035C722 /* SwiftUtilities_OSX_Tests */ = {
			isa = PBXNativeTarget;
			buildConfigurationList = 45E8EEE8199A90720035C722 /* Build configuration list for PBXNativeTarget "SwiftUtilities_OSX_Tests" */;
			buildPhases = (
				45E8EEDE199A90720035C722 /* Sources */,
				45E8EEDF199A90720035C722 /* Frameworks */,
				45E8EEE0199A90720035C722 /* Resources */,
			);
			buildRules = (
			);
			dependencies = (
				45052CE5199ADF700037C05D /* PBXTargetDependency */,
			);
			name = SwiftUtilities_OSX_Tests;
			productName = "SwiftUtilities Tests";
			productReference = 45E8EEE2199A90720035C722 /* SwiftUtilities_OSX_Tests.xctest */;
			productType = "com.apple.product-type.bundle.unit-test";
		};
/* End PBXNativeTarget section */

/* Begin PBXProject section */
		45E8EE9B199A8E080035C722 /* Project object */ = {
			isa = PBXProject;
			attributes = {
				LastSwiftUpdateCheck = 0700;
				LastUpgradeCheck = 0800;
				ORGANIZATIONNAME = schwa.io;
				TargetAttributes = {
					459826D11D56C74800B54CB1 = {
						CreatedOnToolsVersion = 7.3.1;
					};
					45E8EEA3199A8E080035C722 = {
						CreatedOnToolsVersion = 6.0;
						LastSwiftMigration = 0800;
					};
					45E8EEC5199A8EA50035C722 = {
						CreatedOnToolsVersion = 6.0;
					};
					45E8EEE1199A90720035C722 = {
						CreatedOnToolsVersion = 6.0;
						LastSwiftMigration = 0800;
					};
				};
			};
			buildConfigurationList = 45E8EE9E199A8E080035C722 /* Build configuration list for PBXProject "SwiftUtilities" */;
			compatibilityVersion = "Xcode 3.2";
			developmentRegion = English;
			hasScannedForEncodings = 0;
			knownRegions = (
				en,
				Base,
			);
			mainGroup = 45E8EE9A199A8E080035C722;
			productRefGroup = 45E8EEA5199A8E080035C722 /* Products */;
			projectDirPath = "";
			projectRoot = "";
			targets = (
				45E8EEC5199A8EA50035C722 /* SwiftUtilities_iOS */,
				45E8EEA3199A8E080035C722 /* SwiftUtilities_OSX */,
				45E8EEE1199A90720035C722 /* SwiftUtilities_OSX_Tests */,
				459826D11D56C74800B54CB1 /* Testing */,
			);
		};
/* End PBXProject section */

/* Begin PBXResourcesBuildPhase section */
		459826D01D56C74800B54CB1 /* Resources */ = {
			isa = PBXResourcesBuildPhase;
			buildActionMask = 2147483647;
			files = (
				459826D91D56C74900B54CB1 /* Assets.xcassets in Resources */,
				459826DC1D56C74900B54CB1 /* Main.storyboard in Resources */,
			);
			runOnlyForDeploymentPostprocessing = 0;
		};
		45E8EEA2199A8E080035C722 /* Resources */ = {
			isa = PBXResourcesBuildPhase;
			buildActionMask = 2147483647;
			files = (
			);
			runOnlyForDeploymentPostprocessing = 0;
		};
		45E8EEC4199A8EA50035C722 /* Resources */ = {
			isa = PBXResourcesBuildPhase;
			buildActionMask = 2147483647;
			files = (
			);
			runOnlyForDeploymentPostprocessing = 0;
		};
		45E8EEE0199A90720035C722 /* Resources */ = {
			isa = PBXResourcesBuildPhase;
			buildActionMask = 2147483647;
			files = (
			);
			runOnlyForDeploymentPostprocessing = 0;
		};
/* End PBXResourcesBuildPhase section */

/* Begin PBXShellScriptBuildPhase section */
		455B239B1C56040400D19F7F /* Run Swiftlint */ = {
			isa = PBXShellScriptBuildPhase;
			buildActionMask = 2147483647;
			files = (
			);
			inputPaths = (
			);
			name = "Run Swiftlint";
			outputPaths = (
			);
			runOnlyForDeploymentPostprocessing = 0;
			shellPath = /bin/sh;
			shellScript = "if test $CARTHAGE = \"YES\"; then\n  exit 0\nfi\n\nif which swiftlint >/dev/null; then\n  swiftlint lint --quiet\nelse\n  echo \"SwiftLint does not exist, download from https://github.com/realm/SwiftLint\"\nfi";
			showEnvVarsInLog = 0;
		};
		455B239C1C56041300D19F7F /* Run SWiftlint */ = {
			isa = PBXShellScriptBuildPhase;
			buildActionMask = 2147483647;
			files = (
			);
			inputPaths = (
			);
			name = "Run SWiftlint";
			outputPaths = (
			);
			runOnlyForDeploymentPostprocessing = 0;
			shellPath = /bin/sh;
			shellScript = "if test $CARTHAGE = \"YES\"; then\n  exit 0\nfi\n\nif which swiftlint >/dev/null; then\n  swiftlint lint --quiet\nelse\n  echo \"SwiftLint does not exist, download from https://github.com/realm/SwiftLint\"\nfi";
		};
/* End PBXShellScriptBuildPhase section */

/* Begin PBXSourcesBuildPhase section */
		459826CE1D56C74800B54CB1 /* Sources */ = {
			isa = PBXSourcesBuildPhase;
			buildActionMask = 2147483647;
			files = (
				459826D71D56C74900B54CB1 /* ViewController.swift in Sources */,
				459826D51D56C74900B54CB1 /* AppDelegate.swift in Sources */,
			);
			runOnlyForDeploymentPostprocessing = 0;
		};
		45E8EE9F199A8E080035C722 /* Sources */ = {
			isa = PBXSourcesBuildPhase;
			buildActionMask = 2147483647;
			files = (
				45C2A56E1C8641C500488C45 /* Version.swift in Sources */,
				45C310471C555238002A9141 /* NSRange+Extensions.swift in Sources */,
				45C2A5771C86428B00488C45 /* Comparison.swift in Sources */,
				45C3105F1C555238002A9141 /* String+Extensions.swift in Sources */,
				45C310431C555238002A9141 /* NSDate+Extensions.swift in Sources */,
				45112B471D9998740051CCD2 /* Benchmark.swift in Sources */,
				45C3106B1C555238002A9141 /* UnsafeBufferPointers.swift in Sources */,
				45C3104D1C555238002A9141 /* PriorityQueue.swift in Sources */,
				45C310391C555238002A9141 /* BlockValueTransformer.swift in Sources */,
				45C310651C555238002A9141 /* Threading.swift in Sources */,
				45C310211C555238002A9141 /* Bases.swift in Sources */,
				45C310231C555238002A9141 /* BitRange.swift in Sources */,
				45C3104F1C555238002A9141 /* TestingPublisher.swift in Sources */,
				4535F4CC1CA70C3C0035C0EB /* Dispatch.swift in Sources */,
				45C3103B1C555238002A9141 /* Heap.swift in Sources */,
				45C3102F1C555238002A9141 /* DataScanner.swift in Sources */,
				45A976A21C59DF0F0071D6C3 /* MapTable.swift in Sources */,
				45C310271C555238002A9141 /* Box.swift in Sources */,
				45C3104B1C555238002A9141 /* Path.swift in Sources */,
				45C310371C555238002A9141 /* Errors.swift in Sources */,
				457D6BD21D00AF220046EAB6 /* Publisher.swift in Sources */,
				45C310451C555238002A9141 /* NSMapTable+Extensions.swift in Sources */,
				45C310311C555238002A9141 /* DispatchData.swift in Sources */,
				45C310611C555238002A9141 /* String+Foundation.swift in Sources */,
				456A88891C55F05600189B2C /* InternalUtilities.swift in Sources */,
				45C3106F1C555238002A9141 /* Walker.swift in Sources */,
				45C310511C555238002A9141 /* PureUtilities.swift in Sources */,
				45C310691C555238002A9141 /* Timestamp.swift in Sources */,
				45C3103D1C555238002A9141 /* Math.swift in Sources */,
				45C310331C555238002A9141 /* Endianness.swift in Sources */,
				45C310591C555238002A9141 /* RegularExpression.swift in Sources */,
				45C310351C555238002A9141 /* Errno.swift in Sources */,
				45112B481D9998960051CCD2 /* Collections+Misc.swift in Sources */,
				45C3105B1C555238002A9141 /* Result.swift in Sources */,
				45C3106D1C555238002A9141 /* Utilities.swift in Sources */,
				45C310411C555238002A9141 /* Data+Extensions.swift in Sources */,
				45112B2F1D9990050051CCD2 /* Atomic.swift in Sources */,
				45C3101F1C555238002A9141 /* AStarSearch.swift in Sources */,
				458D01B71CE282120092A2E8 /* Hexdump.swift in Sources */,
				456A88861C55F00800189B2C /* NSURL+Extensions.swift in Sources */,
				45C3102D1C555238002A9141 /* CRC16.swift in Sources */,
				45C3102B1C555238002A9141 /* BufferType.swift in Sources */,
				45C3105D1C555238002A9141 /* Search.swift in Sources */,
				453C93301C83984C00A4F5E0 /* AssociatedObjectHelper.swift in Sources */,
				45C310491C555238002A9141 /* Observable.swift in Sources */,
			);
			runOnlyForDeploymentPostprocessing = 0;
		};
		45E8EEC1199A8EA50035C722 /* Sources */ = {
			isa = PBXSourcesBuildPhase;
			buildActionMask = 2147483647;
			files = (
				45C2A56D1C8641C300488C45 /* Version.swift in Sources */,
				45C310461C555238002A9141 /* NSRange+Extensions.swift in Sources */,
				45C2A5761C86428B00488C45 /* Comparison.swift in Sources */,
				45C3105E1C555238002A9141 /* String+Extensions.swift in Sources */,
				45C310421C555238002A9141 /* NSDate+Extensions.swift in Sources */,
				45C3106A1C555238002A9141 /* UnsafeBufferPointers.swift in Sources */,
				45C3104C1C555238002A9141 /* PriorityQueue.swift in Sources */,
				45C310381C555238002A9141 /* BlockValueTransformer.swift in Sources */,
				45C310641C555238002A9141 /* Threading.swift in Sources */,
				45C310201C555238002A9141 /* Bases.swift in Sources */,
				45C310221C555238002A9141 /* BitRange.swift in Sources */,
				45C3104E1C555238002A9141 /* TestingPublisher.swift in Sources */,
				4535F4CB1CA70C3C0035C0EB /* Dispatch.swift in Sources */,
				45C3103A1C555238002A9141 /* Heap.swift in Sources */,
				45C3102E1C555238002A9141 /* DataScanner.swift in Sources */,
				45A976A11C59DF000071D6C3 /* MapTable.swift in Sources */,
				45C310261C555238002A9141 /* Box.swift in Sources */,
				452BF90B1C91F0D100E4086A /* Atomic.swift in Sources */,
				458D01B61CE282120092A2E8 /* Hexdump.swift in Sources */,
				45C3104A1C555238002A9141 /* Path.swift in Sources */,
				45C310361C555238002A9141 /* Errors.swift in Sources */,
				45C310441C555238002A9141 /* NSMapTable+Extensions.swift in Sources */,
				45C310301C555238002A9141 /* DispatchData.swift in Sources */,
				45C310601C555238002A9141 /* String+Foundation.swift in Sources */,
				456A88881C55F05600189B2C /* InternalUtilities.swift in Sources */,
				45C3106E1C555238002A9141 /* Walker.swift in Sources */,
				45C310501C555238002A9141 /* PureUtilities.swift in Sources */,
				45C310681C555238002A9141 /* Timestamp.swift in Sources */,
				457D6BD11D00AF220046EAB6 /* Publisher.swift in Sources */,
				45C3103C1C555238002A9141 /* Math.swift in Sources */,
				45C310321C555238002A9141 /* Endianness.swift in Sources */,
				45C310581C555238002A9141 /* RegularExpression.swift in Sources */,
				45C310341C555238002A9141 /* Errno.swift in Sources */,
				45C3105A1C555238002A9141 /* Result.swift in Sources */,
				45C3106C1C555238002A9141 /* Utilities.swift in Sources */,
				45C310401C555238002A9141 /* Data+Extensions.swift in Sources */,
				45C3101E1C555238002A9141 /* AStarSearch.swift in Sources */,
				456A88851C55F00800189B2C /* NSURL+Extensions.swift in Sources */,
				454146121CE660DA00B847E1 /* Collections+Misc.swift in Sources */,
				45C3102C1C555238002A9141 /* CRC16.swift in Sources */,
				45C3102A1C555238002A9141 /* BufferType.swift in Sources */,
				45C3105C1C555238002A9141 /* Search.swift in Sources */,
				4525C3961CB7654900B5F529 /* Benchmark.swift in Sources */,
				453C932F1C83984C00A4F5E0 /* AssociatedObjectHelper.swift in Sources */,
				45C310481C555238002A9141 /* Observable.swift in Sources */,
			);
			runOnlyForDeploymentPostprocessing = 0;
		};
		45E8EEDE199A90720035C722 /* Sources */ = {
			isa = PBXSourcesBuildPhase;
			buildActionMask = 2147483647;
			files = (
				452E96FE1B3CA523002269CD /* NumberBases_Tests.swift in Sources */,
				459BADEA1C86959F0014F696 /* ResultTests.swift in Sources */,
				458132081C01580900A113F7 /* ObservableTests.swift in Sources */,
				45C2A57D1C86438900488C45 /* VersionTests.swift in Sources */,
				452E97011B3CA529002269CD /* BitRange_Tests.swift in Sources */,
				45BA691019C4C48E00FA7252 /* NSRange_Tests.swift in Sources */,
				45D52E721BE03A700020F6E7 /* HeapTests.swift in Sources */,
				452E1A2D1BCDC30F000FC9FA /* RegularExpressionTests.swift in Sources */,
				455B239A1C55FA2400D19F7F /* PathTests.swift in Sources */,
				453E47821B7C2D950070218B /* DataScannerTest.swift in Sources */,
				45C2A57B1C86430D00488C45 /* ComparisonTests.swift in Sources */,
				452E96FF1B3CA523002269CD /* Utilities.swift in Sources */,
				45EA099F1B44C62B00505D14 /* DispatchDataTest.swift in Sources */,
			);
			runOnlyForDeploymentPostprocessing = 0;
		};
/* End PBXSourcesBuildPhase section */

/* Begin PBXTargetDependency section */
		45052CE5199ADF700037C05D /* PBXTargetDependency */ = {
			isa = PBXTargetDependency;
			target = 45E8EEA3199A8E080035C722 /* SwiftUtilities_OSX */;
			targetProxy = 45052CE4199ADF700037C05D /* PBXContainerItemProxy */;
		};
		459826E21D56C75400B54CB1 /* PBXTargetDependency */ = {
			isa = PBXTargetDependency;
			target = 45E8EEA3199A8E080035C722 /* SwiftUtilities_OSX */;
			targetProxy = 459826E11D56C75400B54CB1 /* PBXContainerItemProxy */;
		};
/* End PBXTargetDependency section */

/* Begin PBXVariantGroup section */
		459826DA1D56C74900B54CB1 /* Main.storyboard */ = {
			isa = PBXVariantGroup;
			children = (
				459826DB1D56C74900B54CB1 /* Base */,
			);
			name = Main.storyboard;
			sourceTree = "<group>";
		};
/* End PBXVariantGroup section */

/* Begin XCBuildConfiguration section */
		459826DE1D56C74900B54CB1 /* Debug */ = {
			isa = XCBuildConfiguration;
			buildSettings = {
				ASSETCATALOG_COMPILER_APPICON_NAME = AppIcon;
				CLANG_ANALYZER_NONNULL = YES;
				COMBINE_HIDPI_IMAGES = YES;
				DEBUG_INFORMATION_FORMAT = dwarf;
				GCC_DYNAMIC_NO_PIC = NO;
				GCC_NO_COMMON_BLOCKS = YES;
				INFOPLIST_FILE = Testing/Info.plist;
				LD_RUNPATH_SEARCH_PATHS = "$(inherited) @executable_path/../Frameworks";
				MACOSX_DEPLOYMENT_TARGET = 10.11;
				MTL_ENABLE_DEBUG_INFO = YES;
				PRODUCT_BUNDLE_IDENTIFIER = io.schwa.Testing;
				PRODUCT_NAME = "$(TARGET_NAME)";
			};
			name = Debug;
		};
		459826DF1D56C74900B54CB1 /* Release */ = {
			isa = XCBuildConfiguration;
			buildSettings = {
				ASSETCATALOG_COMPILER_APPICON_NAME = AppIcon;
				CLANG_ANALYZER_NONNULL = YES;
				COMBINE_HIDPI_IMAGES = YES;
				COPY_PHASE_STRIP = NO;
				GCC_NO_COMMON_BLOCKS = YES;
				INFOPLIST_FILE = Testing/Info.plist;
				LD_RUNPATH_SEARCH_PATHS = "$(inherited) @executable_path/../Frameworks";
				MACOSX_DEPLOYMENT_TARGET = 10.11;
				MTL_ENABLE_DEBUG_INFO = NO;
				PRODUCT_BUNDLE_IDENTIFIER = io.schwa.Testing;
				PRODUCT_NAME = "$(TARGET_NAME)";
			};
			name = Release;
		};
		45E8EEB5199A8E080035C722 /* Debug */ = {
			isa = XCBuildConfiguration;
			buildSettings = {
				ALWAYS_SEARCH_USER_PATHS = NO;
				CLANG_CXX_LANGUAGE_STANDARD = "gnu++0x";
				CLANG_CXX_LIBRARY = "libc++";
				CLANG_ENABLE_MODULES = YES;
				CLANG_ENABLE_OBJC_ARC = YES;
				CLANG_WARN_BOOL_CONVERSION = YES;
				CLANG_WARN_CONSTANT_CONVERSION = YES;
				CLANG_WARN_DIRECT_OBJC_ISA_USAGE = YES_ERROR;
				CLANG_WARN_EMPTY_BODY = YES;
				CLANG_WARN_ENUM_CONVERSION = YES;
				CLANG_WARN_INFINITE_RECURSION = YES;
				CLANG_WARN_INT_CONVERSION = YES;
				CLANG_WARN_OBJC_ROOT_CLASS = YES_ERROR;
				CLANG_WARN_SUSPICIOUS_MOVE = YES;
				CLANG_WARN_UNREACHABLE_CODE = YES;
				CLANG_WARN__DUPLICATE_METHOD_MATCH = YES;
				COPY_PHASE_STRIP = NO;
				CURRENT_PROJECT_VERSION = 1;
				ENABLE_NS_ASSERTIONS = YES;
				ENABLE_STRICT_OBJC_MSGSEND = YES;
				ENABLE_TESTABILITY = YES;
				GCC_C_LANGUAGE_STANDARD = gnu99;
				GCC_NO_COMMON_BLOCKS = YES;
				GCC_OPTIMIZATION_LEVEL = 0;
				GCC_PREPROCESSOR_DEFINITIONS = (
					"DEBUG=1",
					"$(inherited)",
				);
				GCC_WARN_64_TO_32_BIT_CONVERSION = YES;
				GCC_WARN_ABOUT_RETURN_TYPE = YES_ERROR;
				GCC_WARN_UNDECLARED_SELECTOR = YES;
				GCC_WARN_UNINITIALIZED_AUTOS = YES_AGGRESSIVE;
				GCC_WARN_UNUSED_FUNCTION = YES;
				GCC_WARN_UNUSED_VARIABLE = YES;
				IPHONEOS_DEPLOYMENT_TARGET = 9.0;
				MACOSX_DEPLOYMENT_TARGET = 10.11;
				ONLY_ACTIVE_ARCH = YES;
				SDKROOT = macosx;
				SWIFT_OPTIMIZATION_LEVEL = "-Onone";
				SWIFT_VERSION = 3.0;
				VERSIONING_SYSTEM = "apple-generic";
				VERSION_INFO_PREFIX = "";
			};
			name = Debug;
		};
		45E8EEB6199A8E080035C722 /* Release */ = {
			isa = XCBuildConfiguration;
			buildSettings = {
				ALWAYS_SEARCH_USER_PATHS = NO;
				CLANG_CXX_LANGUAGE_STANDARD = "gnu++0x";
				CLANG_CXX_LIBRARY = "libc++";
				CLANG_ENABLE_MODULES = YES;
				CLANG_ENABLE_OBJC_ARC = YES;
				CLANG_WARN_BOOL_CONVERSION = YES;
				CLANG_WARN_CONSTANT_CONVERSION = YES;
				CLANG_WARN_DIRECT_OBJC_ISA_USAGE = YES_ERROR;
				CLANG_WARN_EMPTY_BODY = YES;
				CLANG_WARN_ENUM_CONVERSION = YES;
				CLANG_WARN_INFINITE_RECURSION = YES;
				CLANG_WARN_INT_CONVERSION = YES;
				CLANG_WARN_OBJC_ROOT_CLASS = YES_ERROR;
				CLANG_WARN_SUSPICIOUS_MOVE = YES;
				CLANG_WARN_UNREACHABLE_CODE = YES;
				CLANG_WARN__DUPLICATE_METHOD_MATCH = YES;
				COPY_PHASE_STRIP = YES;
				CURRENT_PROJECT_VERSION = 1;
				DEBUG_INFORMATION_FORMAT = "dwarf-with-dsym";
				ENABLE_NS_ASSERTIONS = NO;
				ENABLE_STRICT_OBJC_MSGSEND = YES;
				GCC_C_LANGUAGE_STANDARD = gnu99;
				GCC_NO_COMMON_BLOCKS = YES;
				GCC_OPTIMIZATION_LEVEL = fast;
				GCC_WARN_64_TO_32_BIT_CONVERSION = YES;
				GCC_WARN_ABOUT_RETURN_TYPE = YES_ERROR;
				GCC_WARN_UNDECLARED_SELECTOR = YES;
				GCC_WARN_UNINITIALIZED_AUTOS = YES_AGGRESSIVE;
				GCC_WARN_UNUSED_FUNCTION = YES;
				GCC_WARN_UNUSED_VARIABLE = YES;
				IPHONEOS_DEPLOYMENT_TARGET = 9.0;
				MACOSX_DEPLOYMENT_TARGET = 10.11;
				SDKROOT = macosx;
				SWIFT_OPTIMIZATION_LEVEL = "-Owholemodule";
				SWIFT_VERSION = 3.0;
				VERSIONING_SYSTEM = "apple-generic";
				VERSION_INFO_PREFIX = "";
			};
			name = Release;
		};
		45E8EEB8199A8E080035C722 /* Debug */ = {
			isa = XCBuildConfiguration;
			buildSettings = {
				CLANG_ENABLE_MODULES = YES;
				COMBINE_HIDPI_IMAGES = YES;
				DEFINES_MODULE = YES;
				DYLIB_COMPATIBILITY_VERSION = 1;
				DYLIB_CURRENT_VERSION = 1;
				DYLIB_INSTALL_NAME_BASE = "@rpath";
				FRAMEWORK_VERSION = A;
				INFOPLIST_FILE = "Supporting Files/Info.plist";
				INSTALL_PATH = "$(LOCAL_LIBRARY_DIR)/Frameworks";
				LD_RUNPATH_SEARCH_PATHS = "$(inherited) @executable_path/../Frameworks @loader_path/Frameworks";
				PRODUCT_BUNDLE_IDENTIFIER = "io.schwa.$(PRODUCT_NAME:rfc1034identifier)";
				PRODUCT_NAME = SwiftUtilities;
				SKIP_INSTALL = YES;
			};
			name = Debug;
		};
		45E8EEB9199A8E080035C722 /* Release */ = {
			isa = XCBuildConfiguration;
			buildSettings = {
				CLANG_ENABLE_MODULES = YES;
				COMBINE_HIDPI_IMAGES = YES;
				DEFINES_MODULE = YES;
				DYLIB_COMPATIBILITY_VERSION = 1;
				DYLIB_CURRENT_VERSION = 1;
				DYLIB_INSTALL_NAME_BASE = "@rpath";
				FRAMEWORK_VERSION = A;
				INFOPLIST_FILE = "Supporting Files/Info.plist";
				INSTALL_PATH = "$(LOCAL_LIBRARY_DIR)/Frameworks";
				LD_RUNPATH_SEARCH_PATHS = "$(inherited) @executable_path/../Frameworks @loader_path/Frameworks";
				PRODUCT_BUNDLE_IDENTIFIER = "io.schwa.$(PRODUCT_NAME:rfc1034identifier)";
				PRODUCT_NAME = SwiftUtilities;
				SKIP_INSTALL = YES;
			};
			name = Release;
		};
		45E8EED7199A8EA60035C722 /* Debug */ = {
			isa = XCBuildConfiguration;
			buildSettings = {
				CLANG_ENABLE_MODULES = YES;
				DEFINES_MODULE = YES;
				DYLIB_COMPATIBILITY_VERSION = 1;
				DYLIB_CURRENT_VERSION = 1;
				DYLIB_INSTALL_NAME_BASE = "@rpath";
				INFOPLIST_FILE = "Supporting Files/Info.plist";
				LD_RUNPATH_SEARCH_PATHS = "$(inherited) @executable_path/Frameworks @loader_path/Frameworks";
				PRODUCT_BUNDLE_IDENTIFIER = "io.schwa.$(PRODUCT_NAME:rfc1034identifier)";
				PRODUCT_NAME = SwiftUtilities;
				SDKROOT = iphoneos;
				SKIP_INSTALL = YES;
				SWIFT_OPTIMIZATION_LEVEL = "-Onone";
				TARGETED_DEVICE_FAMILY = "1,2";
			};
			name = Debug;
		};
		45E8EED8199A8EA60035C722 /* Release */ = {
			isa = XCBuildConfiguration;
			buildSettings = {
				CLANG_ENABLE_MODULES = YES;
				DEFINES_MODULE = YES;
				DYLIB_COMPATIBILITY_VERSION = 1;
				DYLIB_CURRENT_VERSION = 1;
				DYLIB_INSTALL_NAME_BASE = "@rpath";
				INFOPLIST_FILE = "Supporting Files/Info.plist";
				LD_RUNPATH_SEARCH_PATHS = "$(inherited) @executable_path/Frameworks @loader_path/Frameworks";
				PRODUCT_BUNDLE_IDENTIFIER = "io.schwa.$(PRODUCT_NAME:rfc1034identifier)";
				PRODUCT_NAME = SwiftUtilities;
				SDKROOT = iphoneos;
				SKIP_INSTALL = YES;
				TARGETED_DEVICE_FAMILY = "1,2";
				VALIDATE_PRODUCT = YES;
			};
			name = Release;
		};
		45E8EEE9199A90720035C722 /* Debug */ = {
			isa = XCBuildConfiguration;
			buildSettings = {
				COMBINE_HIDPI_IMAGES = YES;
				FRAMEWORK_SEARCH_PATHS = (
					"$(DEVELOPER_FRAMEWORKS_DIR)",
					"$(inherited)",
				);
				GCC_PREPROCESSOR_DEFINITIONS = (
					"DEBUG=1",
					"$(inherited)",
				);
				INFOPLIST_FILE = Tests/Info.plist;
				LD_RUNPATH_SEARCH_PATHS = "$(inherited) @executable_path/../Frameworks @loader_path/../Frameworks";
				PRODUCT_BUNDLE_IDENTIFIER = "schwa.io.$(PRODUCT_NAME:rfc1034identifier)";
				PRODUCT_NAME = "$(TARGET_NAME)";
				SWIFT_VERSION = 3.0;
			};
			name = Debug;
		};
		45E8EEEA199A90720035C722 /* Release */ = {
			isa = XCBuildConfiguration;
			buildSettings = {
				COMBINE_HIDPI_IMAGES = YES;
				FRAMEWORK_SEARCH_PATHS = (
					"$(DEVELOPER_FRAMEWORKS_DIR)",
					"$(inherited)",
				);
				INFOPLIST_FILE = Tests/Info.plist;
				LD_RUNPATH_SEARCH_PATHS = "$(inherited) @executable_path/../Frameworks @loader_path/../Frameworks";
				PRODUCT_BUNDLE_IDENTIFIER = "schwa.io.$(PRODUCT_NAME:rfc1034identifier)";
				PRODUCT_NAME = "$(TARGET_NAME)";
				SWIFT_VERSION = 3.0;
			};
			name = Release;
		};
/* End XCBuildConfiguration section */

/* Begin XCConfigurationList section */
		459826E01D56C74900B54CB1 /* Build configuration list for PBXNativeTarget "Testing" */ = {
			isa = XCConfigurationList;
			buildConfigurations = (
				459826DE1D56C74900B54CB1 /* Debug */,
				459826DF1D56C74900B54CB1 /* Release */,
			);
			defaultConfigurationIsVisible = 0;
			defaultConfigurationName = Release;
		};
		45E8EE9E199A8E080035C722 /* Build configuration list for PBXProject "SwiftUtilities" */ = {
			isa = XCConfigurationList;
			buildConfigurations = (
				45E8EEB5199A8E080035C722 /* Debug */,
				45E8EEB6199A8E080035C722 /* Release */,
			);
			defaultConfigurationIsVisible = 0;
			defaultConfigurationName = Release;
		};
		45E8EEB7199A8E080035C722 /* Build configuration list for PBXNativeTarget "SwiftUtilities_OSX" */ = {
			isa = XCConfigurationList;
			buildConfigurations = (
				45E8EEB8199A8E080035C722 /* Debug */,
				45E8EEB9199A8E080035C722 /* Release */,
			);
			defaultConfigurationIsVisible = 0;
			defaultConfigurationName = Release;
		};
		45E8EED6199A8EA60035C722 /* Build configuration list for PBXNativeTarget "SwiftUtilities_iOS" */ = {
			isa = XCConfigurationList;
			buildConfigurations = (
				45E8EED7199A8EA60035C722 /* Debug */,
				45E8EED8199A8EA60035C722 /* Release */,
			);
			defaultConfigurationIsVisible = 0;
			defaultConfigurationName = Release;
		};
		45E8EEE8199A90720035C722 /* Build configuration list for PBXNativeTarget "SwiftUtilities_OSX_Tests" */ = {
			isa = XCConfigurationList;
			buildConfigurations = (
				45E8EEE9199A90720035C722 /* Debug */,
				45E8EEEA199A90720035C722 /* Release */,
			);
			defaultConfigurationIsVisible = 0;
			defaultConfigurationName = Release;
		};
/* End XCConfigurationList section */
	};
	rootObject = 45E8EE9B199A8E080035C722 /* Project object */;
}
